// !$*UTF8*$!
{
	archiveVersion = 1;
	classes = {
	};
	objectVersion = 46;
	objects = {

/* Begin PBXBuildFile section */
		1311EB44198F7B2D00A563DF /* Foundation.framework in Frameworks */ = {isa = PBXBuildFile; fileRef = 1311EB43198F7B2D00A563DF /* Foundation.framework */; };
		1311EB46198F7B2D00A563DF /* CoreGraphics.framework in Frameworks */ = {isa = PBXBuildFile; fileRef = 1311EB45198F7B2D00A563DF /* CoreGraphics.framework */; };
		1311EB48198F7B2D00A563DF /* UIKit.framework in Frameworks */ = {isa = PBXBuildFile; fileRef = 1311EB47198F7B2D00A563DF /* UIKit.framework */; };
		1311EB4E198F7B2D00A563DF /* InfoPlist.strings in Resources */ = {isa = PBXBuildFile; fileRef = 1311EB4C198F7B2D00A563DF /* InfoPlist.strings */; };
		1311EB50198F7B2D00A563DF /* main.m in Sources */ = {isa = PBXBuildFile; fileRef = 1311EB4F198F7B2D00A563DF /* main.m */; };
		1311EB54198F7B2D00A563DF /* AppDelegate.m in Sources */ = {isa = PBXBuildFile; fileRef = 1311EB53198F7B2D00A563DF /* AppDelegate.m */; };
		1311EB56198F7B2D00A563DF /* Images.xcassets in Resources */ = {isa = PBXBuildFile; fileRef = 1311EB55198F7B2D00A563DF /* Images.xcassets */; };
		1311EB5D198F7B2D00A563DF /* XCTest.framework in Frameworks */ = {isa = PBXBuildFile; fileRef = 1311EB5C198F7B2D00A563DF /* XCTest.framework */; };
		1311EB5E198F7B2D00A563DF /* Foundation.framework in Frameworks */ = {isa = PBXBuildFile; fileRef = 1311EB43198F7B2D00A563DF /* Foundation.framework */; };
		1311EB5F198F7B2D00A563DF /* UIKit.framework in Frameworks */ = {isa = PBXBuildFile; fileRef = 1311EB47198F7B2D00A563DF /* UIKit.framework */; };
		1311EB67198F7B2E00A563DF /* InfoPlist.strings in Resources */ = {isa = PBXBuildFile; fileRef = 1311EB65198F7B2E00A563DF /* InfoPlist.strings */; };
		1311EB69198F7B2E00A563DF /* shareTests.m in Sources */ = {isa = PBXBuildFile; fileRef = 1311EB68198F7B2E00A563DF /* shareTests.m */; };
/* End PBXBuildFile section */

/* Begin PBXContainerItemProxy section */
		1311EB60198F7B2D00A563DF /* PBXContainerItemProxy */ = {
			isa = PBXContainerItemProxy;
			containerPortal = 1311EB38198F7B2D00A563DF /* Project object */;
			proxyType = 1;
			remoteGlobalIDString = 1311EB3F198F7B2D00A563DF;
			remoteInfo = share;
		};
/* End PBXContainerItemProxy section */

/* Begin PBXFileReference section */
		1311EB40198F7B2D00A563DF /* share.app */ = {isa = PBXFileReference; explicitFileType = wrapper.application; includeInIndex = 0; path = share.app; sourceTree = BUILT_PRODUCTS_DIR; };
		1311EB43198F7B2D00A563DF /* Foundation.framework */ = {isa = PBXFileReference; lastKnownFileType = wrapper.framework; name = Foundation.framework; path = System/Library/Frameworks/Foundation.framework; sourceTree = SDKROOT; };
		1311EB45198F7B2D00A563DF /* CoreGraphics.framework */ = {isa = PBXFileReference; lastKnownFileType = wrapper.framework; name = CoreGraphics.framework; path = System/Library/Frameworks/CoreGraphics.framework; sourceTree = SDKROOT; };
		1311EB47198F7B2D00A563DF /* UIKit.framework */ = {isa = PBXFileReference; lastKnownFileType = wrapper.framework; name = UIKit.framework; path = System/Library/Frameworks/UIKit.framework; sourceTree = SDKROOT; };
		1311EB4B198F7B2D00A563DF /* share-Info.plist */ = {isa = PBXFileReference; lastKnownFileType = text.plist.xml; path = "share-Info.plist"; sourceTree = "<group>"; };
		1311EB4D198F7B2D00A563DF /* en */ = {isa = PBXFileReference; lastKnownFileType = text.plist.strings; name = en; path = en.lproj/InfoPlist.strings; sourceTree = "<group>"; };
		1311EB4F198F7B2D00A563DF /* main.m */ = {isa = PBXFileReference; lastKnownFileType = sourcecode.c.objc; path = main.m; sourceTree = "<group>"; };
		1311EB51198F7B2D00A563DF /* share-Prefix.pch */ = {isa = PBXFileReference; lastKnownFileType = sourcecode.c.h; path = "share-Prefix.pch"; sourceTree = "<group>"; };
		1311EB52198F7B2D00A563DF /* AppDelegate.h */ = {isa = PBXFileReference; lastKnownFileType = sourcecode.c.h; path = AppDelegate.h; sourceTree = "<group>"; };
		1311EB53198F7B2D00A563DF /* AppDelegate.m */ = {isa = PBXFileReference; lastKnownFileType = sourcecode.c.objc; path = AppDelegate.m; sourceTree = "<group>"; };
		1311EB55198F7B2D00A563DF /* Images.xcassets */ = {isa = PBXFileReference; lastKnownFileType = folder.assetcatalog; path = Images.xcassets; sourceTree = "<group>"; };
		1311EB5B198F7B2D00A563DF /* shareTests.xctest */ = {isa = PBXFileReference; explicitFileType = wrapper.cfbundle; includeInIndex = 0; path = shareTests.xctest; sourceTree = BUILT_PRODUCTS_DIR; };
		1311EB5C198F7B2D00A563DF /* XCTest.framework */ = {isa = PBXFileReference; lastKnownFileType = wrapper.framework; name = XCTest.framework; path = Library/Frameworks/XCTest.framework; sourceTree = DEVELOPER_DIR; };
		1311EB64198F7B2D00A563DF /* shareTests-Info.plist */ = {isa = PBXFileReference; lastKnownFileType = text.plist.xml; path = "shareTests-Info.plist"; sourceTree = "<group>"; };
		1311EB66198F7B2E00A563DF /* en */ = {isa = PBXFileReference; lastKnownFileType = text.plist.strings; name = en; path = en.lproj/InfoPlist.strings; sourceTree = "<group>"; };
		1311EB68198F7B2E00A563DF /* shareTests.m */ = {isa = PBXFileReference; lastKnownFileType = sourcecode.c.objc; path = shareTests.m; sourceTree = "<group>"; };
/* End PBXFileReference section */

/* Begin PBXFrameworksBuildPhase section */
		1311EB3D198F7B2D00A563DF /* Frameworks */ = {
			isa = PBXFrameworksBuildPhase;
			buildActionMask = 2147483647;
			files = (
				1311EB46198F7B2D00A563DF /* CoreGraphics.framework in Frameworks */,
				1311EB48198F7B2D00A563DF /* UIKit.framework in Frameworks */,
				1311EB44198F7B2D00A563DF /* Foundation.framework in Frameworks */,
			);
			runOnlyForDeploymentPostprocessing = 0;
		};
		1311EB58198F7B2D00A563DF /* Frameworks */ = {
			isa = PBXFrameworksBuildPhase;
			buildActionMask = 2147483647;
			files = (
				1311EB5D198F7B2D00A563DF /* XCTest.framework in Frameworks */,
				1311EB5F198F7B2D00A563DF /* UIKit.framework in Frameworks */,
				1311EB5E198F7B2D00A563DF /* Foundation.framework in Frameworks */,
			);
			runOnlyForDeploymentPostprocessing = 0;
		};
/* End PBXFrameworksBuildPhase section */

/* Begin PBXGroup section */
		1311EB37198F7B2D00A563DF = {
			isa = PBXGroup;
			children = (
				1311EB49198F7B2D00A563DF /* share */,
				1311EB62198F7B2D00A563DF /* shareTests */,
				1311EB42198F7B2D00A563DF /* Frameworks */,
				1311EB41198F7B2D00A563DF /* Products */,
			);
			sourceTree = "<group>";
		};
		1311EB41198F7B2D00A563DF /* Products */ = {
			isa = PBXGroup;
			children = (
				1311EB40198F7B2D00A563DF /* share.app */,
				1311EB5B198F7B2D00A563DF /* shareTests.xctest */,
			);
			name = Products;
			sourceTree = "<group>";
		};
		1311EB42198F7B2D00A563DF /* Frameworks */ = {
			isa = PBXGroup;
			children = (
				1311EB43198F7B2D00A563DF /* Foundation.framework */,
				1311EB45198F7B2D00A563DF /* CoreGraphics.framework */,
				1311EB47198F7B2D00A563DF /* UIKit.framework */,
				1311EB5C198F7B2D00A563DF /* XCTest.framework */,
			);
			name = Frameworks;
			sourceTree = "<group>";
		};
		1311EB49198F7B2D00A563DF /* share */ = {
			isa = PBXGroup;
			children = (
				1311EB52198F7B2D00A563DF /* AppDelegate.h */,
				1311EB53198F7B2D00A563DF /* AppDelegate.m */,
				1311EB55198F7B2D00A563DF /* Images.xcassets */,
				1311EB4A198F7B2D00A563DF /* Supporting Files */,
			);
			path = share;
			sourceTree = "<group>";
		};
		1311EB4A198F7B2D00A563DF /* Supporting Files */ = {
			isa = PBXGroup;
			children = (
				1311EB4B198F7B2D00A563DF /* share-Info.plist */,
				1311EB4C198F7B2D00A563DF /* InfoPlist.strings */,
				1311EB4F198F7B2D00A563DF /* main.m */,
				1311EB51198F7B2D00A563DF /* share-Prefix.pch */,
			);
			name = "Supporting Files";
			sourceTree = "<group>";
		};
		1311EB62198F7B2D00A563DF /* shareTests */ = {
			isa = PBXGroup;
			children = (
				1311EB68198F7B2E00A563DF /* shareTests.m */,
				1311EB63198F7B2D00A563DF /* Supporting Files */,
			);
			path = shareTests;
			sourceTree = "<group>";
		};
		1311EB63198F7B2D00A563DF /* Supporting Files */ = {
			isa = PBXGroup;
			children = (
				1311EB64198F7B2D00A563DF /* shareTests-Info.plist */,
				1311EB65198F7B2E00A563DF /* InfoPlist.strings */,
			);
			name = "Supporting Files";
			sourceTree = "<group>";
		};
/* End PBXGroup section */

/* Begin PBXNativeTarget section */
		1311EB3F198F7B2D00A563DF /* share */ = {
			isa = PBXNativeTarget;
			buildConfigurationList = 1311EB6C198F7B2E00A563DF /* Build configuration list for PBXNativeTarget "share" */;
			buildPhases = (
				1311EB3C198F7B2D00A563DF /* Sources */,
				1311EB3D198F7B2D00A563DF /* Frameworks */,
				1311EB3E198F7B2D00A563DF /* Resources */,
			);
			buildRules = (
			);
			dependencies = (
			);
			name = share;
			productName = share;
			productReference = 1311EB40198F7B2D00A563DF /* share.app */;
			productType = "com.apple.product-type.application";
		};
		1311EB5A198F7B2D00A563DF /* shareTests */ = {
			isa = PBXNativeTarget;
			buildConfigurationList = 1311EB6F198F7B2E00A563DF /* Build configuration list for PBXNativeTarget "shareTests" */;
			buildPhases = (
				1311EB57198F7B2D00A563DF /* Sources */,
				1311EB58198F7B2D00A563DF /* Frameworks */,
				1311EB59198F7B2D00A563DF /* Resources */,
			);
			buildRules = (
			);
			dependencies = (
				1311EB61198F7B2D00A563DF /* PBXTargetDependency */,
			);
			name = shareTests;
			productName = shareTests;
			productReference = 1311EB5B198F7B2D00A563DF /* shareTests.xctest */;
			productType = "com.apple.product-type.bundle.unit-test";
		};
/* End PBXNativeTarget section */

/* Begin PBXProject section */
		1311EB38198F7B2D00A563DF /* Project object */ = {
			isa = PBXProject;
			attributes = {
				LastUpgradeCheck = 0510;
				ORGANIZATIONNAME = TalkWeb;
				TargetAttributes = {
					1311EB5A198F7B2D00A563DF = {
						TestTargetID = 1311EB3F198F7B2D00A563DF;
					};
				};
			};
			buildConfigurationList = 1311EB3B198F7B2D00A563DF /* Build configuration list for PBXProject "share" */;
			compatibilityVersion = "Xcode 3.2";
			developmentRegion = English;
			hasScannedForEncodings = 0;
			knownRegions = (
				en,
			);
			mainGroup = 1311EB37198F7B2D00A563DF;
			productRefGroup = 1311EB41198F7B2D00A563DF /* Products */;
			projectDirPath = "";
			projectRoot = "";
			targets = (
				1311EB3F198F7B2D00A563DF /* share */,
				1311EB5A198F7B2D00A563DF /* shareTests */,
			);
		};
/* End PBXProject section */

/* Begin PBXResourcesBuildPhase section */
		1311EB3E198F7B2D00A563DF /* Resources */ = {
			isa = PBXResourcesBuildPhase;
			buildActionMask = 2147483647;
			files = (
				1311EB4E198F7B2D00A563DF /* InfoPlist.strings in Resources */,
				1311EB56198F7B2D00A563DF /* Images.xcassets in Resources */,
			);
			runOnlyForDeploymentPostprocessing = 0;
		};
		1311EB59198F7B2D00A563DF /* Resources */ = {
			isa = PBXResourcesBuildPhase;
			buildActionMask = 2147483647;
			files = (
				1311EB67198F7B2E00A563DF /* InfoPlist.strings in Resources */,
			);
			runOnlyForDeploymentPostprocessing = 0;
		};
/* End PBXResourcesBuildPhase section */

/* Begin PBXSourcesBuildPhase section */
		1311EB3C198F7B2D00A563DF /* Sources */ = {
			isa = PBXSourcesBuildPhase;
			buildActionMask = 2147483647;
			files = (
				1311EB54198F7B2D00A563DF /* AppDelegate.m in Sources */,
				1311EB50198F7B2D00A563DF /* main.m in Sources */,
			);
			runOnlyForDeploymentPostprocessing = 0;
		};
		1311EB57198F7B2D00A563DF /* Sources */ = {
			isa = PBXSourcesBuildPhase;
			buildActionMask = 2147483647;
			files = (
				1311EB69198F7B2E00A563DF /* shareTests.m in Sources */,
			);
			runOnlyForDeploymentPostprocessing = 0;
		};
/* End PBXSourcesBuildPhase section */

/* Begin PBXTargetDependency section */
		1311EB61198F7B2D00A563DF /* PBXTargetDependency */ = {
			isa = PBXTargetDependency;
			target = 1311EB3F198F7B2D00A563DF /* share */;
			targetProxy = 1311EB60198F7B2D00A563DF /* PBXContainerItemProxy */;
		};
/* End PBXTargetDependency section */

/* Begin PBXVariantGroup section */
		1311EB4C198F7B2D00A563DF /* InfoPlist.strings */ = {
			isa = PBXVariantGroup;
			children = (
				1311EB4D198F7B2D00A563DF /* en */,
			);
			name = InfoPlist.strings;
			sourceTree = "<group>";
		};
		1311EB65198F7B2E00A563DF /* InfoPlist.strings */ = {
			isa = PBXVariantGroup;
			children = (
				1311EB66198F7B2E00A563DF /* en */,
			);
			name = InfoPlist.strings;
			sourceTree = "<group>";
		};
/* End PBXVariantGroup section */

/* Begin XCBuildConfiguration section */
		1311EB6A198F7B2E00A563DF /* Debug */ = {
			isa = XCBuildConfiguration;
			buildSettings = {
				ALWAYS_SEARCH_USER_PATHS = NO;
				CLANG_CXX_LANGUAGE_STANDARD = "gnu++0x";
				CLANG_CXX_LIBRARY = "libc++";
				CLANG_ENABLE_MODULES = YES;
				CLANG_ENABLE_OBJC_ARC = YES;
				CLANG_WARN_BOOL_CONVERSION = YES;
				CLANG_WARN_CONSTANT_CONVERSION = YES;
				CLANG_WARN_DIRECT_OBJC_ISA_USAGE = YES_ERROR;
				CLANG_WARN_EMPTY_BODY = YES;
				CLANG_WARN_ENUM_CONVERSION = YES;
				CLANG_WARN_INT_CONVERSION = YES;
				CLANG_WARN_OBJC_ROOT_CLASS = YES_ERROR;
				CLANG_WARN__DUPLICATE_METHOD_MATCH = YES;
				"CODE_SIGN_IDENTITY[sdk=iphoneos*]" = "iPhone Developer";
				COPY_PHASE_STRIP = NO;
				GCC_C_LANGUAGE_STANDARD = gnu99;
				GCC_DYNAMIC_NO_PIC = NO;
				GCC_OPTIMIZATION_LEVEL = 0;
				GCC_PREPROCESSOR_DEFINITIONS = (
					"DEBUG=1",
					"$(inherited)",
				);
				GCC_SYMBOLS_PRIVATE_EXTERN = NO;
				GCC_WARN_64_TO_32_BIT_CONVERSION = YES;
				GCC_WARN_ABOUT_RETURN_TYPE = YES_ERROR;
				GCC_WARN_UNDECLARED_SELECTOR = YES;
				GCC_WARN_UNINITIALIZED_AUTOS = YES_AGGRESSIVE;
				GCC_WARN_UNUSED_FUNCTION = YES;
				GCC_WARN_UNUSED_VARIABLE = YES;
				IPHONEOS_DEPLOYMENT_TARGET = 7.1;
				ONLY_ACTIVE_ARCH = YES;
				SDKROOT = iphoneos;
				TARGETED_DEVICE_FAMILY = "1,2";
			};
			name = Debug;
		};
		1311EB6B198F7B2E00A563DF /* Release */ = {
			isa = XCBuildConfiguration;
			buildSettings = {
				ALWAYS_SEARCH_USER_PATHS = NO;
				CLANG_CXX_LANGUAGE_STANDARD = "gnu++0x";
				CLANG_CXX_LIBRARY = "libc++";
				CLANG_ENABLE_MODULES = YES;
				CLANG_ENABLE_OBJC_ARC = YES;
				CLANG_WARN_BOOL_CONVERSION = YES;
				CLANG_WARN_CONSTANT_CONVERSION = YES;
				CLANG_WARN_DIRECT_OBJC_ISA_USAGE = YES_ERROR;
				CLANG_WARN_EMPTY_BODY = YES;
				CLANG_WARN_ENUM_CONVERSION = YES;
				CLANG_WARN_INT_CONVERSION = YES;
				CLANG_WARN_OBJC_ROOT_CLASS = YES_ERROR;
				CLANG_WARN__DUPLICATE_METHOD_MATCH = YES;
				"CODE_SIGN_IDENTITY[sdk=iphoneos*]" = "iPhone Developer";
				COPY_PHASE_STRIP = YES;
				ENABLE_NS_ASSERTIONS = NO;
				GCC_C_LANGUAGE_STANDARD = gnu99;
				GCC_WARN_64_TO_32_BIT_CONVERSION = YES;
				GCC_WARN_ABOUT_RETURN_TYPE = YES_ERROR;
				GCC_WARN_UNDECLARED_SELECTOR = YES;
				GCC_WARN_UNINITIALIZED_AUTOS = YES_AGGRESSIVE;
				GCC_WARN_UNUSED_FUNCTION = YES;
				GCC_WARN_UNUSED_VARIABLE = YES;
				IPHONEOS_DEPLOYMENT_TARGET = 7.1;
				SDKROOT = iphoneos;
				TARGETED_DEVICE_FAMILY = "1,2";
				VALIDATE_PRODUCT = YES;
			};
			name = Release;
		};
		1311EB6D198F7B2E00A563DF /* Debug */ = {
			isa = XCBuildConfiguration;
			buildSettings = {
				ASSETCATALOG_COMPILER_APPICON_NAME = AppIcon;
				ASSETCATALOG_COMPILER_LAUNCHIMAGE_NAME = LaunchImage;
				GCC_PRECOMPILE_PREFIX_HEADER = YES;
				GCC_PREFIX_HEADER = "share/share-Prefix.pch";
				INFOPLIST_FILE = "share/share-Info.plist";
				PRODUCT_NAME = "$(TARGET_NAME)";
				WRAPPER_EXTENSION = app;
			};
			name = Debug;
		};
		1311EB6E198F7B2E00A563DF /* Release */ = {
			isa = XCBuildConfiguration;
			buildSettings = {
				ASSETCATALOG_COMPILER_APPICON_NAME = AppIcon;
				ASSETCATALOG_COMPILER_LAUNCHIMAGE_NAME = LaunchImage;
				GCC_PRECOMPILE_PREFIX_HEADER = YES;
				GCC_PREFIX_HEADER = "share/share-Prefix.pch";
				INFOPLIST_FILE = "share/share-Info.plist";
				PRODUCT_NAME = "$(TARGET_NAME)";
				WRAPPER_EXTENSION = app;
			};
			name = Release;
		};
		1311EB70198F7B2E00A563DF /* Debug */ = {
			isa = XCBuildConfiguration;
			buildSettings = {
				BUNDLE_LOADER = "$(BUILT_PRODUCTS_DIR)/share.app/share";
				FRAMEWORK_SEARCH_PATHS = (
					"$(SDKROOT)/Developer/Library/Frameworks",
					"$(inherited)",
					"$(DEVELOPER_FRAMEWORKS_DIR)",
				);
				GCC_PRECOMPILE_PREFIX_HEADER = YES;
				GCC_PREFIX_HEADER = "share/share-Prefix.pch";
				GCC_PREPROCESSOR_DEFINITIONS = (
					"DEBUG=1",
					"$(inherited)",
				);
				INFOPLIST_FILE = "shareTests/shareTests-Info.plist";
				PRODUCT_NAME = "$(TARGET_NAME)";
				TEST_HOST = "$(BUNDLE_LOADER)";
				WRAPPER_EXTENSION = xctest;
			};
			name = Debug;
		};
		1311EB71198F7B2E00A563DF /* Release */ = {
			isa = XCBuildConfiguration;
			buildSettings = {
				BUNDLE_LOADER = "$(BUILT_PRODUCTS_DIR)/share.app/share";
				FRAMEWORK_SEARCH_PATHS = (
					"$(SDKROOT)/Developer/Library/Frameworks",
					"$(inherited)",
					"$(DEVELOPER_FRAMEWORKS_DIR)",
				);
				GCC_PRECOMPILE_PREFIX_HEADER = YES;
				GCC_PREFIX_HEADER = "share/share-Prefix.pch";
				INFOPLIST_FILE = "shareTests/shareTests-Info.plist";
				PRODUCT_NAME = "$(TARGET_NAME)";
				TEST_HOST = "$(BUNDLE_LOADER)";
				WRAPPER_EXTENSION = xctest;
			};
			name = Release;
		};
/* End XCBuildConfiguration section */

/* Begin XCConfigurationList section */
		1311EB3B198F7B2D00A563DF /* Build configuration list for PBXProject "share" */ = {
			isa = XCConfigurationList;
			buildConfigurations = (
				1311EB6A198F7B2E00A563DF /* Debug */,
				1311EB6B198F7B2E00A563DF /* Release */,
			);
			defaultConfigurationIsVisible = 0;
			defaultConfigurationName = Release;
		};
		1311EB6C198F7B2E00A563DF /* Build configuration list for PBXNativeTarget "share" */ = {
			isa = XCConfigurationList;
			buildConfigurations = (
				1311EB6D198F7B2E00A563DF /* Debug */,
				1311EB6E198F7B2E00A563DF /* Release */,
			);
			defaultConfigurationIsVisible = 0;
		};
		1311EB6F198F7B2E00A563DF /* Build configuration list for PBXNativeTarget "shareTests" */ = {
			isa = XCConfigurationList;
			buildConfigurations = (
				1311EB70198F7B2E00A563DF /* Debug */,
				1311EB71198F7B2E00A563DF /* Release */,
			);
			defaultConfigurationIsVisible = 0;
		};
/* End XCConfigurationList section */
	};
	rootObject = 1311EB38198F7B2D00A563DF /* Project object */;
}
